
Microsoft Visual Studio Solution File, Format Version 12.00
# Visual Studio 2012
Project("{FAE04EC0-301F-11D3-BF4B-00C04F79EFBC}") = "Helper-Methods", "Helper-Methods\Helper-Methods.csproj", "{4B74AFAC-13C0-4919-A89A-399F836CC0DC}"
EndProject
Global
	GlobalSection(SolutionConfigurationPlatforms) = preSolution
		Debug|x86 = Debug|x86
		Release|x86 = Release|x86
	EndGlobalSection
	GlobalSection(ProjectConfigurationPlatforms) = postSolution
		{4B74AFAC-13C0-4919-A89A-399F836CC0DC}.Debug|x86.ActiveCfg = Debug|x86
		{4B74AFAC-13C0-4919-A89A-399F836CC0DC}.Debug|x86.Build.0 = Debug|x86
		{4B74AFAC-13C0-4919-A89A-399F836CC0DC}.Release|x86.ActiveCfg = Release|x86
		{4B74AFAC-13C0-4919-A89A-399F836CC0DC}.Release|x86.Build.0 = Release|x86
	EndGlobalSection
EndGlobal
